
Microsoft Visual Studio Solution File, Format Version 12.00
# Visual Studio Version 17
VisualStudioVersion = 17.5.002.0
MinimumVisualStudioVersion = 10.0.40219.1
Project("{9A19103F-16F7-4668-BE54-9A1E7A4F7556}") = "una-estrutura-dados-analise-revisao-a01", "una-estrutura-dados-analise-revisao-a01.csproj", "{23B99545-BBCC-4421-84A6-33493B1BFCB4}"
EndProject
Global
	GlobalSection(SolutionConfigurationPlatforms) = preSolution
		Debug|Any CPU = Debug|Any CPU
		Release|Any CPU = Release|Any CPU
	EndGlobalSection
	GlobalSection(ProjectConfigurationPlatforms) = postSolution
		{23B99545-BBCC-4421-84A6-33493B1BFCB4}.Debug|Any CPU.ActiveCfg = Debug|Any CPU
		{23B99545-BBCC-4421-84A6-33493B1BFCB4}.Debug|Any CPU.Build.0 = Debug|Any CPU
		{23B99545-BBCC-4421-84A6-33493B1BFCB4}.Release|Any CPU.ActiveCfg = Release|Any CPU
		{23B99545-BBCC-4421-84A6-33493B1BFCB4}.Release|Any CPU.Build.0 = Release|Any CPU
	EndGlobalSection
	GlobalSection(SolutionProperties) = preSolution
		HideSolutionNode = FALSE
	EndGlobalSection
	GlobalSection(ExtensibilityGlobals) = postSolution
		SolutionGuid = {08EAE793-1DB2-4296-9A93-CB0C5F34F141}
	EndGlobalSection
EndGlobal
